
Microsoft Visual Studio Solution File, Format Version 12.00
# Visual Studio Version 17
VisualStudioVersion = 17.11.35312.102
MinimumVisualStudioVersion = 10.0.40219.1
Project("{9A19103F-16F7-4668-BE54-9A1E7A4F7556}") = "WindowsApp", "WindowsApp\WindowsApp.csproj", "{4BC5BAE3-B2CE-4AE0-A541-6ACEFB3B1578}"
EndProject
Project("{9A19103F-16F7-4668-BE54-9A1E7A4F7556}") = "1)MessageBox", "1)MessageBox\1)MessageBox.csproj", "{56B8EBB6-A7D5-470D-998E-57D758836D05}"
EndProject
Project("{9A19103F-16F7-4668-BE54-9A1E7A4F7556}") = "2)Mouse_messages", "2)Mouse_messages\2)Mouse_messages.csproj", "{20B0587D-8A54-4DAC-9B30-C8CA3FDA66E2}"
EndProject
Project("{9A19103F-16F7-4668-BE54-9A1E7A4F7556}") = "3)Keyboard_messages", "3)Keyboard_messages\3)Keyboard_messages.csproj", "{9315B6FA-395A-4650-89F7-1C79EA4C10F6}"
EndProject
Project("{9A19103F-16F7-4668-BE54-9A1E7A4F7556}") = "Game", "Game\Game.csproj", "{80045DF1-BFBA-4EB8-A401-225800709B4C}"
EndProject
Project("{FAE04EC0-301F-11D3-BF4B-00C04F79EFBC}") = "tic tac toe", "tic tac toe menu\tic tac toe.csproj", "{E7302EB6-ED07-4A7B-961B-3C4FD6022CC8}"
EndProject
Project("{FAE04EC0-301F-11D3-BF4B-00C04F79EFBC}") = "tic tac toe menu2", "tic tac toe menu2\tic tac toe menu2.csproj", "{A8B85955-5DD2-49A1-9A61-28840AF57C3A}"
EndProject
Project("{FAE04EC0-301F-11D3-BF4B-00C04F79EFBC}") = "Books", "Books\Books.csproj", "{248D31D3-1AFB-4CA5-A1C0-750604A0C5CD}"
EndProject
Global
	GlobalSection(SolutionConfigurationPlatforms) = preSolution
		Debug|Any CPU = Debug|Any CPU
		Release|Any CPU = Release|Any CPU
	EndGlobalSection
	GlobalSection(ProjectConfigurationPlatforms) = postSolution
		{4BC5BAE3-B2CE-4AE0-A541-6ACEFB3B1578}.Debug|Any CPU.ActiveCfg = Debug|Any CPU
		{4BC5BAE3-B2CE-4AE0-A541-6ACEFB3B1578}.Debug|Any CPU.Build.0 = Debug|Any CPU
		{4BC5BAE3-B2CE-4AE0-A541-6ACEFB3B1578}.Release|Any CPU.ActiveCfg = Release|Any CPU
		{4BC5BAE3-B2CE-4AE0-A541-6ACEFB3B1578}.Release|Any CPU.Build.0 = Release|Any CPU
		{56B8EBB6-A7D5-470D-998E-57D758836D05}.Debug|Any CPU.ActiveCfg = Debug|Any CPU
		{56B8EBB6-A7D5-470D-998E-57D758836D05}.Debug|Any CPU.Build.0 = Debug|Any CPU
		{56B8EBB6-A7D5-470D-998E-57D758836D05}.Release|Any CPU.ActiveCfg = Release|Any CPU
		{56B8EBB6-A7D5-470D-998E-57D758836D05}.Release|Any CPU.Build.0 = Release|Any CPU
		{20B0587D-8A54-4DAC-9B30-C8CA3FDA66E2}.Debug|Any CPU.ActiveCfg = Debug|Any CPU
		{20B0587D-8A54-4DAC-9B30-C8CA3FDA66E2}.Debug|Any CPU.Build.0 = Debug|Any CPU
		{20B0587D-8A54-4DAC-9B30-C8CA3FDA66E2}.Release|Any CPU.ActiveCfg = Release|Any CPU
		{20B0587D-8A54-4DAC-9B30-C8CA3FDA66E2}.Release|Any CPU.Build.0 = Release|Any CPU
		{9315B6FA-395A-4650-89F7-1C79EA4C10F6}.Debug|Any CPU.ActiveCfg = Debug|Any CPU
		{9315B6FA-395A-4650-89F7-1C79EA4C10F6}.Debug|Any CPU.Build.0 = Debug|Any CPU
		{9315B6FA-395A-4650-89F7-1C79EA4C10F6}.Release|Any CPU.ActiveCfg = Release|Any CPU
		{9315B6FA-395A-4650-89F7-1C79EA4C10F6}.Release|Any CPU.Build.0 = Release|Any CPU
		{80045DF1-BFBA-4EB8-A401-225800709B4C}.Debug|Any CPU.ActiveCfg = Debug|Any CPU
		{80045DF1-BFBA-4EB8-A401-225800709B4C}.Debug|Any CPU.Build.0 = Debug|Any CPU
		{80045DF1-BFBA-4EB8-A401-225800709B4C}.Release|Any CPU.ActiveCfg = Release|Any CPU
		{80045DF1-BFBA-4EB8-A401-225800709B4C}.Release|Any CPU.Build.0 = Release|Any CPU
		{E7302EB6-ED07-4A7B-961B-3C4FD6022CC8}.Debug|Any CPU.ActiveCfg = Debug|Any CPU
		{E7302EB6-ED07-4A7B-961B-3C4FD6022CC8}.Debug|Any CPU.Build.0 = Debug|Any CPU
		{E7302EB6-ED07-4A7B-961B-3C4FD6022CC8}.Release|Any CPU.ActiveCfg = Release|Any CPU
		{E7302EB6-ED07-4A7B-961B-3C4FD6022CC8}.Release|Any CPU.Build.0 = Release|Any CPU
		{A8B85955-5DD2-49A1-9A61-28840AF57C3A}.Debug|Any CPU.ActiveCfg = Debug|Any CPU
		{A8B85955-5DD2-49A1-9A61-28840AF57C3A}.Debug|Any CPU.Build.0 = Debug|Any CPU
		{A8B85955-5DD2-49A1-9A61-28840AF57C3A}.Release|Any CPU.ActiveCfg = Release|Any CPU
		{A8B85955-5DD2-49A1-9A61-28840AF57C3A}.Release|Any CPU.Build.0 = Release|Any CPU
		{248D31D3-1AFB-4CA5-A1C0-750604A0C5CD}.Debug|Any CPU.ActiveCfg = Debug|Any CPU
		{248D31D3-1AFB-4CA5-A1C0-750604A0C5CD}.Debug|Any CPU.Build.0 = Debug|Any CPU
		{248D31D3-1AFB-4CA5-A1C0-750604A0C5CD}.Release|Any CPU.ActiveCfg = Release|Any CPU
		{248D31D3-1AFB-4CA5-A1C0-750604A0C5CD}.Release|Any CPU.Build.0 = Release|Any CPU
	EndGlobalSection
	GlobalSection(SolutionProperties) = preSolution
		HideSolutionNode = FALSE
	EndGlobalSection
	GlobalSection(ExtensibilityGlobals) = postSolution
		SolutionGuid = {0B600658-9322-4712-AE2E-2AB0BAF3FA5B}
	EndGlobalSection
EndGlobal
